
Microsoft Visual Studio Solution File, Format Version 12.00
# Visual Studio 14
VisualStudioVersion = 14.0.23107.0
MinimumVisualStudioVersion = 10.0.40219.1
Project("{FAE04EC0-301F-11D3-BF4B-00C04F79EFBC}") = "Double23", "Double23\Double23.csproj", "{C48E9C6F-EAD9-44DB-B384-AFD6D9AEC161}"
EndProject
Project("{FAE04EC0-301F-11D3-BF4B-00C04F79EFBC}") = "Double23Tests", "Double23Tests\Double23Tests.csproj", "{DC6649B8-364A-4284-9BC3-ED771F914551}"
EndProject
Global
	GlobalSection(SolutionConfigurationPlatforms) = preSolution
		Debug|Any CPU = Debug|Any CPU
		Release|Any CPU = Release|Any CPU
	EndGlobalSection
	GlobalSection(ProjectConfigurationPlatforms) = postSolution
		{C48E9C6F-EAD9-44DB-B384-AFD6D9AEC161}.Debug|Any CPU.ActiveCfg = Debug|Any CPU
		{C48E9C6F-EAD9-44DB-B384-AFD6D9AEC161}.Debug|Any CPU.Build.0 = Debug|Any CPU
		{C48E9C6F-EAD9-44DB-B384-AFD6D9AEC161}.Release|Any CPU.ActiveCfg = Release|Any CPU
		{C48E9C6F-EAD9-44DB-B384-AFD6D9AEC161}.Release|Any CPU.Build.0 = Release|Any CPU
		{DC6649B8-364A-4284-9BC3-ED771F914551}.Debug|Any CPU.ActiveCfg = Debug|Any CPU
		{DC6649B8-364A-4284-9BC3-ED771F914551}.Debug|Any CPU.Build.0 = Debug|Any CPU
		{DC6649B8-364A-4284-9BC3-ED771F914551}.Release|Any CPU.ActiveCfg = Release|Any CPU
		{DC6649B8-364A-4284-9BC3-ED771F914551}.Release|Any CPU.Build.0 = Release|Any CPU
	EndGlobalSection
	GlobalSection(SolutionProperties) = preSolution
		HideSolutionNode = FALSE
	EndGlobalSection
EndGlobal
