
Microsoft Visual Studio Solution File, Format Version 12.00
# Visual Studio 14
VisualStudioVersion = 14.0.23107.0
MinimumVisualStudioVersion = 10.0.40219.1
Project("{FAE04EC0-301F-11D3-BF4B-00C04F79EFBC}") = "CommonEnd", "CommonEnd\CommonEnd.csproj", "{7225E0CA-482C-4A53-BF0E-CB2DFC56F2AB}"
EndProject
Project("{FAE04EC0-301F-11D3-BF4B-00C04F79EFBC}") = "CommonEndTests", "CommonEndTests\CommonEndTests.csproj", "{7125E9BE-797B-4A7A-A023-44FE932FC32B}"
EndProject
Global
	GlobalSection(SolutionConfigurationPlatforms) = preSolution
		Debug|Any CPU = Debug|Any CPU
		Release|Any CPU = Release|Any CPU
	EndGlobalSection
	GlobalSection(ProjectConfigurationPlatforms) = postSolution
		{7225E0CA-482C-4A53-BF0E-CB2DFC56F2AB}.Debug|Any CPU.ActiveCfg = Debug|Any CPU
		{7225E0CA-482C-4A53-BF0E-CB2DFC56F2AB}.Debug|Any CPU.Build.0 = Debug|Any CPU
		{7225E0CA-482C-4A53-BF0E-CB2DFC56F2AB}.Release|Any CPU.ActiveCfg = Release|Any CPU
		{7225E0CA-482C-4A53-BF0E-CB2DFC56F2AB}.Release|Any CPU.Build.0 = Release|Any CPU
		{7125E9BE-797B-4A7A-A023-44FE932FC32B}.Debug|Any CPU.ActiveCfg = Debug|Any CPU
		{7125E9BE-797B-4A7A-A023-44FE932FC32B}.Debug|Any CPU.Build.0 = Debug|Any CPU
		{7125E9BE-797B-4A7A-A023-44FE932FC32B}.Release|Any CPU.ActiveCfg = Release|Any CPU
		{7125E9BE-797B-4A7A-A023-44FE932FC32B}.Release|Any CPU.Build.0 = Release|Any CPU
	EndGlobalSection
	GlobalSection(SolutionProperties) = preSolution
		HideSolutionNode = FALSE
	EndGlobalSection
EndGlobal
