
Microsoft Visual Studio Solution File, Format Version 12.00
# Visual Studio 14
VisualStudioVersion = 14.0.23107.0
MinimumVisualStudioVersion = 10.0.40219.1
Project("{FAE04EC0-301F-11D3-BF4B-00C04F79EFBC}") = "Unlucky1", "Unlucky1\Unlucky1.csproj", "{4160D4EB-8489-47EB-8C7D-776BA8C645D8}"
EndProject
Project("{FAE04EC0-301F-11D3-BF4B-00C04F79EFBC}") = "Unlucky1Tests", "Unlucky1Tests\Unlucky1Tests.csproj", "{23DF2C4A-6065-4E1D-9A88-E5B877C82B83}"
EndProject
Global
	GlobalSection(SolutionConfigurationPlatforms) = preSolution
		Debug|Any CPU = Debug|Any CPU
		Release|Any CPU = Release|Any CPU
	EndGlobalSection
	GlobalSection(ProjectConfigurationPlatforms) = postSolution
		{4160D4EB-8489-47EB-8C7D-776BA8C645D8}.Debug|Any CPU.ActiveCfg = Debug|Any CPU
		{4160D4EB-8489-47EB-8C7D-776BA8C645D8}.Debug|Any CPU.Build.0 = Debug|Any CPU
		{4160D4EB-8489-47EB-8C7D-776BA8C645D8}.Release|Any CPU.ActiveCfg = Release|Any CPU
		{4160D4EB-8489-47EB-8C7D-776BA8C645D8}.Release|Any CPU.Build.0 = Release|Any CPU
		{23DF2C4A-6065-4E1D-9A88-E5B877C82B83}.Debug|Any CPU.ActiveCfg = Debug|Any CPU
		{23DF2C4A-6065-4E1D-9A88-E5B877C82B83}.Debug|Any CPU.Build.0 = Debug|Any CPU
		{23DF2C4A-6065-4E1D-9A88-E5B877C82B83}.Release|Any CPU.ActiveCfg = Release|Any CPU
		{23DF2C4A-6065-4E1D-9A88-E5B877C82B83}.Release|Any CPU.Build.0 = Release|Any CPU
	EndGlobalSection
	GlobalSection(SolutionProperties) = preSolution
		HideSolutionNode = FALSE
	EndGlobalSection
EndGlobal
