
Microsoft Visual Studio Solution File, Format Version 12.00
# Visual Studio 14
VisualStudioVersion = 14.0.23107.0
MinimumVisualStudioVersion = 10.0.40219.1
Project("{FAE04EC0-301F-11D3-BF4B-00C04F79EFBC}") = "Sum", "Sum\Sum.csproj", "{FA22971A-E1E3-48C7-8D27-D253BA78B0CE}"
EndProject
Project("{FAE04EC0-301F-11D3-BF4B-00C04F79EFBC}") = "SumTests", "SumTests\SumTests.csproj", "{689B2B9B-B38D-4ED9-B3E8-F5508E47FBFE}"
EndProject
Global
	GlobalSection(SolutionConfigurationPlatforms) = preSolution
		Debug|Any CPU = Debug|Any CPU
		Release|Any CPU = Release|Any CPU
	EndGlobalSection
	GlobalSection(ProjectConfigurationPlatforms) = postSolution
		{FA22971A-E1E3-48C7-8D27-D253BA78B0CE}.Debug|Any CPU.ActiveCfg = Debug|Any CPU
		{FA22971A-E1E3-48C7-8D27-D253BA78B0CE}.Debug|Any CPU.Build.0 = Debug|Any CPU
		{FA22971A-E1E3-48C7-8D27-D253BA78B0CE}.Release|Any CPU.ActiveCfg = Release|Any CPU
		{FA22971A-E1E3-48C7-8D27-D253BA78B0CE}.Release|Any CPU.Build.0 = Release|Any CPU
		{689B2B9B-B38D-4ED9-B3E8-F5508E47FBFE}.Debug|Any CPU.ActiveCfg = Debug|Any CPU
		{689B2B9B-B38D-4ED9-B3E8-F5508E47FBFE}.Debug|Any CPU.Build.0 = Debug|Any CPU
		{689B2B9B-B38D-4ED9-B3E8-F5508E47FBFE}.Release|Any CPU.ActiveCfg = Release|Any CPU
		{689B2B9B-B38D-4ED9-B3E8-F5508E47FBFE}.Release|Any CPU.Build.0 = Release|Any CPU
	EndGlobalSection
	GlobalSection(SolutionProperties) = preSolution
		HideSolutionNode = FALSE
	EndGlobalSection
EndGlobal
